<?xml version="1.0" encoding="UTF-8"?>
<CodeBlocks_project_file>
	<FileVersion major="1" minor="6"/>
	<Project>
		<Option title="C"/>
		<Option makefile_is_custom="1"/>
		<Option compiler="gcc"/>
		<Option virtualFolders="CMake Files\;"/>
		<Build>
			<Target title="all">
				<Option working_dir="/home/mati/Desktop/CompresionDeHuffman-TeoriaDelLenguaje/C"/>
				<Option type="4"/>
				<MakeCommands>
					<Build command="/usr/bin/make -f &quot;/home/mati/Desktop/CompresionDeHuffman-TeoriaDelLenguaje/C/Makefile&quot;  VERBOSE=1 all"/>
					<CompileFile command="/usr/bin/make -f &quot;/home/mati/Desktop/CompresionDeHuffman-TeoriaDelLenguaje/C/Makefile&quot;  VERBOSE=1 &quot;$file&quot;"/>
					<Clean command="/usr/bin/make -f &quot;/home/mati/Desktop/CompresionDeHuffman-TeoriaDelLenguaje/C/Makefile&quot;  VERBOSE=1 clean"/>
					<DistClean command="/usr/bin/make -f &quot;/home/mati/Desktop/CompresionDeHuffman-TeoriaDelLenguaje/C/Makefile&quot;  VERBOSE=1 clean"/>
				</MakeCommands>
			</Target>
			<Target title="rebuild_cache">
				<Option working_dir="/home/mati/Desktop/CompresionDeHuffman-TeoriaDelLenguaje/C"/>
				<Option type="4"/>
				<MakeCommands>
					<Build command="/usr/bin/make -f &quot;/home/mati/Desktop/CompresionDeHuffman-TeoriaDelLenguaje/C/Makefile&quot;  VERBOSE=1 rebuild_cache"/>
					<CompileFile command="/usr/bin/make -f &quot;/home/mati/Desktop/CompresionDeHuffman-TeoriaDelLenguaje/C/Makefile&quot;  VERBOSE=1 &quot;$file&quot;"/>
					<Clean command="/usr/bin/make -f &quot;/home/mati/Desktop/CompresionDeHuffman-TeoriaDelLenguaje/C/Makefile&quot;  VERBOSE=1 clean"/>
					<DistClean command="/usr/bin/make -f &quot;/home/mati/Desktop/CompresionDeHuffman-TeoriaDelLenguaje/C/Makefile&quot;  VERBOSE=1 clean"/>
				</MakeCommands>
			</Target>
			<Target title="edit_cache">
				<Option working_dir="/home/mati/Desktop/CompresionDeHuffman-TeoriaDelLenguaje/C"/>
				<Option type="4"/>
				<MakeCommands>
					<Build command="/usr/bin/make -f &quot;/home/mati/Desktop/CompresionDeHuffman-TeoriaDelLenguaje/C/Makefile&quot;  VERBOSE=1 edit_cache"/>
					<CompileFile command="/usr/bin/make -f &quot;/home/mati/Desktop/CompresionDeHuffman-TeoriaDelLenguaje/C/Makefile&quot;  VERBOSE=1 &quot;$file&quot;"/>
					<Clean command="/usr/bin/make -f &quot;/home/mati/Desktop/CompresionDeHuffman-TeoriaDelLenguaje/C/Makefile&quot;  VERBOSE=1 clean"/>
					<DistClean command="/usr/bin/make -f &quot;/home/mati/Desktop/CompresionDeHuffman-TeoriaDelLenguaje/C/Makefile&quot;  VERBOSE=1 clean"/>
				</MakeCommands>
			</Target>
			<Target title="HuffmanCompression">
				<Option output="/home/mati/Desktop/CompresionDeHuffman-TeoriaDelLenguaje/C/HuffmanCompression" prefix_auto="0" extension_auto="0"/>
				<Option working_dir="/home/mati/Desktop/CompresionDeHuffman-TeoriaDelLenguaje/C"/>
				<Option object_output="./"/>
				<Option type="1"/>
				<Option compiler="gcc"/>
				<Compiler/>
				<MakeCommands>
					<Build command="/usr/bin/make -f &quot;/home/mati/Desktop/CompresionDeHuffman-TeoriaDelLenguaje/C/Makefile&quot;  VERBOSE=1 HuffmanCompression"/>
					<CompileFile command="/usr/bin/make -f &quot;/home/mati/Desktop/CompresionDeHuffman-TeoriaDelLenguaje/C/Makefile&quot;  VERBOSE=1 &quot;$file&quot;"/>
					<Clean command="/usr/bin/make -f &quot;/home/mati/Desktop/CompresionDeHuffman-TeoriaDelLenguaje/C/Makefile&quot;  VERBOSE=1 clean"/>
					<DistClean command="/usr/bin/make -f &quot;/home/mati/Desktop/CompresionDeHuffman-TeoriaDelLenguaje/C/Makefile&quot;  VERBOSE=1 clean"/>
				</MakeCommands>
			</Target>
			<Target title="HuffmanCompression/fast">
				<Option output="/home/mati/Desktop/CompresionDeHuffman-TeoriaDelLenguaje/C/HuffmanCompression" prefix_auto="0" extension_auto="0"/>
				<Option working_dir="/home/mati/Desktop/CompresionDeHuffman-TeoriaDelLenguaje/C"/>
				<Option object_output="./"/>
				<Option type="1"/>
				<Option compiler="gcc"/>
				<Compiler/>
				<MakeCommands>
					<Build command="/usr/bin/make -f &quot;/home/mati/Desktop/CompresionDeHuffman-TeoriaDelLenguaje/C/Makefile&quot;  VERBOSE=1 HuffmanCompression/fast"/>
					<CompileFile command="/usr/bin/make -f &quot;/home/mati/Desktop/CompresionDeHuffman-TeoriaDelLenguaje/C/Makefile&quot;  VERBOSE=1 &quot;$file&quot;"/>
					<Clean command="/usr/bin/make -f &quot;/home/mati/Desktop/CompresionDeHuffman-TeoriaDelLenguaje/C/Makefile&quot;  VERBOSE=1 clean"/>
					<DistClean command="/usr/bin/make -f &quot;/home/mati/Desktop/CompresionDeHuffman-TeoriaDelLenguaje/C/Makefile&quot;  VERBOSE=1 clean"/>
				</MakeCommands>
			</Target>
		</Build>
		<Unit filename="/home/mati/Desktop/CompresionDeHuffman-TeoriaDelLenguaje/C/decompression/bytes_vector/bytes_vector.c">
			<Option target="HuffmanCompression"/>
		</Unit>
		<Unit filename="/home/mati/Desktop/CompresionDeHuffman-TeoriaDelLenguaje/C/decompression/bytes_vector/bytes_vector.h">
			<Option target="HuffmanCompression"/>
		</Unit>
		<Unit filename="/home/mati/Desktop/CompresionDeHuffman-TeoriaDelLenguaje/C/decompression/decompression.c">
			<Option target="HuffmanCompression"/>
		</Unit>
		<Unit filename="/home/mati/Desktop/CompresionDeHuffman-TeoriaDelLenguaje/C/decompression/decompression.h">
			<Option target="HuffmanCompression"/>
		</Unit>
		<Unit filename="/home/mati/Desktop/CompresionDeHuffman-TeoriaDelLenguaje/C/huffman/huffman.c">
			<Option target="HuffmanCompression"/>
		</Unit>
		<Unit filename="/home/mati/Desktop/CompresionDeHuffman-TeoriaDelLenguaje/C/huffman/huffman.h">
			<Option target="HuffmanCompression"/>
		</Unit>
		<Unit filename="/home/mati/Desktop/CompresionDeHuffman-TeoriaDelLenguaje/C/huffman/huffman_node.c">
			<Option target="HuffmanCompression"/>
		</Unit>
		<Unit filename="/home/mati/Desktop/CompresionDeHuffman-TeoriaDelLenguaje/C/huffman/huffman_node.h">
			<Option target="HuffmanCompression"/>
		</Unit>
		<Unit filename="/home/mati/Desktop/CompresionDeHuffman-TeoriaDelLenguaje/C/huffman/huffman_tree.c">
			<Option target="HuffmanCompression"/>
		</Unit>
		<Unit filename="/home/mati/Desktop/CompresionDeHuffman-TeoriaDelLenguaje/C/huffman/huffman_tree.h">
			<Option target="HuffmanCompression"/>
		</Unit>
		<Unit filename="/home/mati/Desktop/CompresionDeHuffman-TeoriaDelLenguaje/C/huffman/nodes_list.c">
			<Option target="HuffmanCompression"/>
		</Unit>
		<Unit filename="/home/mati/Desktop/CompresionDeHuffman-TeoriaDelLenguaje/C/huffman/nodes_list.h">
			<Option target="HuffmanCompression"/>
		</Unit>
		<Unit filename="/home/mati/Desktop/CompresionDeHuffman-TeoriaDelLenguaje/C/main.c">
			<Option target="HuffmanCompression"/>
		</Unit>
		<Unit filename="/home/mati/Desktop/CompresionDeHuffman-TeoriaDelLenguaje/C/CMakeLists.txt">
			<Option virtualFolder="CMake Files\"/>
		</Unit>
	</Project>
</CodeBlocks_project_file>
